// !$*UTF8*$!
{
	archiveVersion = 1;
	classes = {
	};
	objectVersion = 46;
	objects = {

/* Begin PBXBuildFile section */
		03868B9C1C615C470008E4DE /* HomeViewController.m in Sources */ = {isa = PBXBuildFile; fileRef = 03868B9B1C615C470008E4DE /* HomeViewController.m */; };
		03868BA01C6296340008E4DE /* PhoneCell.xib in Resources */ = {isa = PBXBuildFile; fileRef = 03868B9F1C6296340008E4DE /* PhoneCell.xib */; };
		03868BA31C6298E40008E4DE /* PhoneTableViewCell.m in Sources */ = {isa = PBXBuildFile; fileRef = 03868BA21C6298E30008E4DE /* PhoneTableViewCell.m */; };
		03868BA61C629D500008E4DE /* Phone.m in Sources */ = {isa = PBXBuildFile; fileRef = 03868BA51C629D500008E4DE /* Phone.m */; };
		0393DB511C662CF80028A8C8 /* MatchPhoneViewController.m in Sources */ = {isa = PBXBuildFile; fileRef = 0393DB501C662CF80028A8C8 /* MatchPhoneViewController.m */; };
		0393DB541C663FEE0028A8C8 /* AndroidManufacturerersViewController.m in Sources */ = {isa = PBXBuildFile; fileRef = 0393DB531C663FEE0028A8C8 /* AndroidManufacturerersViewController.m */; };
		0393DB5F1C6672440028A8C8 /* PhoneDetailsViewController.m in Sources */ = {isa = PBXBuildFile; fileRef = 0393DB5E1C6672440028A8C8 /* PhoneDetailsViewController.m */; };
		03A2FF501C6558F400B14039 /* AllPhonesViewController.m in Sources */ = {isa = PBXBuildFile; fileRef = 03A2FF4F1C6558F400B14039 /* AllPhonesViewController.m */; };
		03A2FF541C65715B00B14039 /* AddNewPhoneViewController.m in Sources */ = {isa = PBXBuildFile; fileRef = 03A2FF531C65715B00B14039 /* AddNewPhoneViewController.m */; };
		03D209631C5EB05A00FBB254 /* main.m in Sources */ = {isa = PBXBuildFile; fileRef = 03D209621C5EB05A00FBB254 /* main.m */; };
		03D209661C5EB05A00FBB254 /* AppDelegate.m in Sources */ = {isa = PBXBuildFile; fileRef = 03D209651C5EB05A00FBB254 /* AppDelegate.m */; };
		03D2096C1C5EB05A00FBB254 /* Main.storyboard in Resources */ = {isa = PBXBuildFile; fileRef = 03D2096A1C5EB05A00FBB254 /* Main.storyboard */; };
		03D2096E1C5EB05A00FBB254 /* Assets.xcassets in Resources */ = {isa = PBXBuildFile; fileRef = 03D2096D1C5EB05A00FBB254 /* Assets.xcassets */; };
		03D209711C5EB05A00FBB254 /* LaunchScreen.storyboard in Resources */ = {isa = PBXBuildFile; fileRef = 03D2096F1C5EB05A00FBB254 /* LaunchScreen.storyboard */; };
		03F950C91C67FF78002CE7F7 /* UIView+Toast.m in Sources */ = {isa = PBXBuildFile; fileRef = 03F950C81C67FF78002CE7F7 /* UIView+Toast.m */; };
		03F950D11C6816D7002CE7F7 /* AddPhoneValidator.swift in Sources */ = {isa = PBXBuildFile; fileRef = 03F950D01C6816D7002CE7F7 /* AddPhoneValidator.swift */; };
		03F950D41C682D2D002CE7F7 /* MatchResultViewController.m in Sources */ = {isa = PBXBuildFile; fileRef = 03F950D31C682D2D002CE7F7 /* MatchResultViewController.m */; };
		1C78EBA7B73F296422284DFD /* libPods-Smartphone picker.a in Frameworks */ = {isa = PBXBuildFile; fileRef = 69F1EB577CEC0C0991724F9F /* libPods-Smartphone picker.a */; };
/* End PBXBuildFile section */

/* Begin PBXFileReference section */
		03868B9A1C615C470008E4DE /* HomeViewController.h */ = {isa = PBXFileReference; fileEncoding = 4; lastKnownFileType = sourcecode.c.h; path = HomeViewController.h; sourceTree = "<group>"; };
		03868B9B1C615C470008E4DE /* HomeViewController.m */ = {isa = PBXFileReference; fileEncoding = 4; lastKnownFileType = sourcecode.c.objc; path = HomeViewController.m; sourceTree = "<group>"; };
		03868B9F1C6296340008E4DE /* PhoneCell.xib */ = {isa = PBXFileReference; fileEncoding = 4; lastKnownFileType = file.xib; path = PhoneCell.xib; sourceTree = "<group>"; };
		03868BA11C6298E30008E4DE /* PhoneTableViewCell.h */ = {isa = PBXFileReference; fileEncoding = 4; lastKnownFileType = sourcecode.c.h; path = PhoneTableViewCell.h; sourceTree = "<group>"; };
		03868BA21C6298E30008E4DE /* PhoneTableViewCell.m */ = {isa = PBXFileReference; fileEncoding = 4; lastKnownFileType = sourcecode.c.objc; path = PhoneTableViewCell.m; sourceTree = "<group>"; };
		03868BA41C629D500008E4DE /* Phone.h */ = {isa = PBXFileReference; fileEncoding = 4; lastKnownFileType = sourcecode.c.h; path = Phone.h; sourceTree = "<group>"; };
		03868BA51C629D500008E4DE /* Phone.m */ = {isa = PBXFileReference; fileEncoding = 4; lastKnownFileType = sourcecode.c.objc; path = Phone.m; sourceTree = "<group>"; };
		0393DB4F1C662CF80028A8C8 /* MatchPhoneViewController.h */ = {isa = PBXFileReference; fileEncoding = 4; lastKnownFileType = sourcecode.c.h; path = MatchPhoneViewController.h; sourceTree = "<group>"; };
		0393DB501C662CF80028A8C8 /* MatchPhoneViewController.m */ = {isa = PBXFileReference; fileEncoding = 4; lastKnownFileType = sourcecode.c.objc; path = MatchPhoneViewController.m; sourceTree = "<group>"; };
		0393DB521C663FEE0028A8C8 /* AndroidManufacturerersViewController.h */ = {isa = PBXFileReference; fileEncoding = 4; lastKnownFileType = sourcecode.c.h; path = AndroidManufacturerersViewController.h; sourceTree = "<group>"; };
		0393DB531C663FEE0028A8C8 /* AndroidManufacturerersViewController.m */ = {isa = PBXFileReference; fileEncoding = 4; lastKnownFileType = sourcecode.c.objc; path = AndroidManufacturerersViewController.m; sourceTree = "<group>"; };
		0393DB5D1C6672440028A8C8 /* PhoneDetailsViewController.h */ = {isa = PBXFileReference; fileEncoding = 4; lastKnownFileType = sourcecode.c.h; path = PhoneDetailsViewController.h; sourceTree = "<group>"; };
		0393DB5E1C6672440028A8C8 /* PhoneDetailsViewController.m */ = {isa = PBXFileReference; fileEncoding = 4; lastKnownFileType = sourcecode.c.objc; path = PhoneDetailsViewController.m; sourceTree = "<group>"; };
		03A2FF4E1C6558F400B14039 /* AllPhonesViewController.h */ = {isa = PBXFileReference; fileEncoding = 4; lastKnownFileType = sourcecode.c.h; path = AllPhonesViewController.h; sourceTree = "<group>"; };
		03A2FF4F1C6558F400B14039 /* AllPhonesViewController.m */ = {isa = PBXFileReference; fileEncoding = 4; lastKnownFileType = sourcecode.c.objc; path = AllPhonesViewController.m; sourceTree = "<group>"; };
		03A2FF521C65715B00B14039 /* AddNewPhoneViewController.h */ = {isa = PBXFileReference; fileEncoding = 4; lastKnownFileType = sourcecode.c.h; path = AddNewPhoneViewController.h; sourceTree = "<group>"; };
		03A2FF531C65715B00B14039 /* AddNewPhoneViewController.m */ = {isa = PBXFileReference; fileEncoding = 4; lastKnownFileType = sourcecode.c.objc; path = AddNewPhoneViewController.m; sourceTree = "<group>"; };
		03D2095E1C5EB05A00FBB254 /* SmartphonePicker.app */ = {isa = PBXFileReference; explicitFileType = wrapper.application; includeInIndex = 0; path = SmartphonePicker.app; sourceTree = BUILT_PRODUCTS_DIR; };
		03D209621C5EB05A00FBB254 /* main.m */ = {isa = PBXFileReference; lastKnownFileType = sourcecode.c.objc; path = main.m; sourceTree = "<group>"; };
		03D209641C5EB05A00FBB254 /* AppDelegate.h */ = {isa = PBXFileReference; lastKnownFileType = sourcecode.c.h; path = AppDelegate.h; sourceTree = "<group>"; };
		03D209651C5EB05A00FBB254 /* AppDelegate.m */ = {isa = PBXFileReference; lastKnownFileType = sourcecode.c.objc; path = AppDelegate.m; sourceTree = "<group>"; };
		03D2096B1C5EB05A00FBB254 /* Base */ = {isa = PBXFileReference; lastKnownFileType = file.storyboard; name = Base; path = Base.lproj/Main.storyboard; sourceTree = "<group>"; };
		03D2096D1C5EB05A00FBB254 /* Assets.xcassets */ = {isa = PBXFileReference; lastKnownFileType = folder.assetcatalog; path = Assets.xcassets; sourceTree = "<group>"; };
		03D209701C5EB05A00FBB254 /* Base */ = {isa = PBXFileReference; lastKnownFileType = file.storyboard; name = Base; path = Base.lproj/LaunchScreen.storyboard; sourceTree = "<group>"; };
		03D209721C5EB05A00FBB254 /* Info.plist */ = {isa = PBXFileReference; lastKnownFileType = text.plist.xml; path = Info.plist; sourceTree = "<group>"; };
		03F950C71C67FF78002CE7F7 /* UIView+Toast.h */ = {isa = PBXFileReference; fileEncoding = 4; lastKnownFileType = sourcecode.c.h; path = "UIView+Toast.h"; sourceTree = "<group>"; };
		03F950C81C67FF78002CE7F7 /* UIView+Toast.m */ = {isa = PBXFileReference; fileEncoding = 4; lastKnownFileType = sourcecode.c.objc; path = "UIView+Toast.m"; sourceTree = "<group>"; };
		03F950CF1C6816D6002CE7F7 /* Smartphone picker-Bridging-Header.h */ = {isa = PBXFileReference; lastKnownFileType = sourcecode.c.h; path = "Smartphone picker-Bridging-Header.h"; sourceTree = "<group>"; };
		03F950D01C6816D7002CE7F7 /* AddPhoneValidator.swift */ = {isa = PBXFileReference; fileEncoding = 4; lastKnownFileType = sourcecode.swift; path = AddPhoneValidator.swift; sourceTree = "<group>"; };
		03F950D21C682D2D002CE7F7 /* MatchResultViewController.h */ = {isa = PBXFileReference; fileEncoding = 4; lastKnownFileType = sourcecode.c.h; path = MatchResultViewController.h; sourceTree = "<group>"; };
		03F950D31C682D2D002CE7F7 /* MatchResultViewController.m */ = {isa = PBXFileReference; fileEncoding = 4; lastKnownFileType = sourcecode.c.objc; path = MatchResultViewController.m; sourceTree = "<group>"; };
		1DF35C54583006E38DBFA5A9 /* Pods-Smartphone picker.release.xcconfig */ = {isa = PBXFileReference; includeInIndex = 1; lastKnownFileType = text.xcconfig; name = "Pods-Smartphone picker.release.xcconfig"; path = "Pods/Target Support Files/Pods-Smartphone picker/Pods-Smartphone picker.release.xcconfig"; sourceTree = "<group>"; };
		69F1EB577CEC0C0991724F9F /* libPods-Smartphone picker.a */ = {isa = PBXFileReference; explicitFileType = archive.ar; includeInIndex = 0; path = "libPods-Smartphone picker.a"; sourceTree = BUILT_PRODUCTS_DIR; };
		95932620BB3AB67DC528897B /* Pods-Smartphone picker.debug.xcconfig */ = {isa = PBXFileReference; includeInIndex = 1; lastKnownFileType = text.xcconfig; name = "Pods-Smartphone picker.debug.xcconfig"; path = "Pods/Target Support Files/Pods-Smartphone picker/Pods-Smartphone picker.debug.xcconfig"; sourceTree = "<group>"; };
/* End PBXFileReference section */

/* Begin PBXFrameworksBuildPhase section */
		03D2095B1C5EB05A00FBB254 /* Frameworks */ = {
			isa = PBXFrameworksBuildPhase;
			buildActionMask = 2147483647;
			files = (
				1C78EBA7B73F296422284DFD /* libPods-Smartphone picker.a in Frameworks */,
			);
			runOnlyForDeploymentPostprocessing = 0;
		};
/* End PBXFrameworksBuildPhase section */

/* Begin PBXGroup section */
		03868B921C60210F0008E4DE /* CustomViews */ = {
			isa = PBXGroup;
			children = (
				03868B9F1C6296340008E4DE /* PhoneCell.xib */,
				03868BA11C6298E30008E4DE /* PhoneTableViewCell.h */,
				03868BA21C6298E30008E4DE /* PhoneTableViewCell.m */,
			);
			name = CustomViews;
			sourceTree = "<group>";
		};
		03A2FF511C656FB100B14039 /* Models */ = {
			isa = PBXGroup;
			children = (
				03868BA41C629D500008E4DE /* Phone.h */,
				03868BA51C629D500008E4DE /* Phone.m */,
			);
			name = Models;
			sourceTree = "<group>";
		};
		03D209551C5EB05A00FBB254 = {
			isa = PBXGroup;
			children = (
				03D209601C5EB05A00FBB254 /* Smartphone picker */,
				03D2095F1C5EB05A00FBB254 /* Products */,
				E7ACB519C79942D882B3A95A /* Pods */,
				A62B39E4661D2F182F07738F /* Frameworks */,
			);
			sourceTree = "<group>";
		};
		03D2095F1C5EB05A00FBB254 /* Products */ = {
			isa = PBXGroup;
			children = (
				03D2095E1C5EB05A00FBB254 /* SmartphonePicker.app */,
			);
			name = Products;
			sourceTree = "<group>";
		};
		03D209601C5EB05A00FBB254 /* Smartphone picker */ = {
			isa = PBXGroup;
			children = (
				03F950CA1C68128B002CE7F7 /* Validations */,
				03F87E581C66940A009DB6D5 /* NotificationLib */,
				03A2FF511C656FB100B14039 /* Models */,
				03868B921C60210F0008E4DE /* CustomViews */,
				03F979821C5F88D400AF925A /* ViewModels */,
				03D2096A1C5EB05A00FBB254 /* Main.storyboard */,
				03D2096D1C5EB05A00FBB254 /* Assets.xcassets */,
				03D209651C5EB05A00FBB254 /* AppDelegate.m */,
				03D209641C5EB05A00FBB254 /* AppDelegate.h */,
				03D2096F1C5EB05A00FBB254 /* LaunchScreen.storyboard */,
				03D209721C5EB05A00FBB254 /* Info.plist */,
				03D209611C5EB05A00FBB254 /* Supporting Files */,
			);
			path = "Smartphone picker";
			sourceTree = "<group>";
		};
		03D209611C5EB05A00FBB254 /* Supporting Files */ = {
			isa = PBXGroup;
			children = (
				03D209621C5EB05A00FBB254 /* main.m */,
			);
			name = "Supporting Files";
			sourceTree = "<group>";
		};
		03F87E581C66940A009DB6D5 /* NotificationLib */ = {
			isa = PBXGroup;
			children = (
				03F950C71C67FF78002CE7F7 /* UIView+Toast.h */,
				03F950C81C67FF78002CE7F7 /* UIView+Toast.m */,
			);
			name = NotificationLib;
			sourceTree = "<group>";
		};
		03F950CA1C68128B002CE7F7 /* Validations */ = {
			isa = PBXGroup;
			children = (
				03F950D01C6816D7002CE7F7 /* AddPhoneValidator.swift */,
				03F950CF1C6816D6002CE7F7 /* Smartphone picker-Bridging-Header.h */,
			);
			name = Validations;
			sourceTree = "<group>";
		};
		03F979821C5F88D400AF925A /* ViewModels */ = {
			isa = PBXGroup;
			children = (
				03868B9A1C615C470008E4DE /* HomeViewController.h */,
				03868B9B1C615C470008E4DE /* HomeViewController.m */,
				03A2FF4E1C6558F400B14039 /* AllPhonesViewController.h */,
				03A2FF4F1C6558F400B14039 /* AllPhonesViewController.m */,
				03A2FF521C65715B00B14039 /* AddNewPhoneViewController.h */,
				03A2FF531C65715B00B14039 /* AddNewPhoneViewController.m */,
				0393DB4F1C662CF80028A8C8 /* MatchPhoneViewController.h */,
				0393DB501C662CF80028A8C8 /* MatchPhoneViewController.m */,
				0393DB521C663FEE0028A8C8 /* AndroidManufacturerersViewController.h */,
				0393DB531C663FEE0028A8C8 /* AndroidManufacturerersViewController.m */,
				0393DB5D1C6672440028A8C8 /* PhoneDetailsViewController.h */,
				0393DB5E1C6672440028A8C8 /* PhoneDetailsViewController.m */,
				03F950D21C682D2D002CE7F7 /* MatchResultViewController.h */,
				03F950D31C682D2D002CE7F7 /* MatchResultViewController.m */,
			);
			name = ViewModels;
			sourceTree = "<group>";
		};
		A62B39E4661D2F182F07738F /* Frameworks */ = {
			isa = PBXGroup;
			children = (
				69F1EB577CEC0C0991724F9F /* libPods-Smartphone picker.a */,
			);
			name = Frameworks;
			sourceTree = "<group>";
		};
		E7ACB519C79942D882B3A95A /* Pods */ = {
			isa = PBXGroup;
			children = (
				95932620BB3AB67DC528897B /* Pods-Smartphone picker.debug.xcconfig */,
				1DF35C54583006E38DBFA5A9 /* Pods-Smartphone picker.release.xcconfig */,
			);
			name = Pods;
			sourceTree = "<group>";
		};
/* End PBXGroup section */

/* Begin PBXNativeTarget section */
		03D2095D1C5EB05A00FBB254 /* Smartphone picker */ = {
			isa = PBXNativeTarget;
			buildConfigurationList = 03D209751C5EB05A00FBB254 /* Build configuration list for PBXNativeTarget "Smartphone picker" */;
			buildPhases = (
				0F0C74A51BE75F6187BDE1FC /* Check Pods Manifest.lock */,
				03D2095A1C5EB05A00FBB254 /* Sources */,
				03D2095B1C5EB05A00FBB254 /* Frameworks */,
				03D2095C1C5EB05A00FBB254 /* Resources */,
				B8C3616A0831BF4699FA586C /* Embed Pods Frameworks */,
				B7B5B51F6FF863A5D377E8D0 /* Copy Pods Resources */,
			);
			buildRules = (
			);
			dependencies = (
			);
			name = "Smartphone picker";
			productName = "Smartphone picker";
			productReference = 03D2095E1C5EB05A00FBB254 /* SmartphonePicker.app */;
			productType = "com.apple.product-type.application";
		};
/* End PBXNativeTarget section */

/* Begin PBXProject section */
		03D209561C5EB05A00FBB254 /* Project object */ = {
			isa = PBXProject;
			attributes = {
				LastUpgradeCheck = 0720;
				ORGANIZATIONNAME = "Vasil Stoyanov";
				TargetAttributes = {
					03D2095D1C5EB05A00FBB254 = {
						CreatedOnToolsVersion = 7.2;
					};
				};
			};
			buildConfigurationList = 03D209591C5EB05A00FBB254 /* Build configuration list for PBXProject "Smartphone picker" */;
			compatibilityVersion = "Xcode 3.2";
			developmentRegion = English;
			hasScannedForEncodings = 0;
			knownRegions = (
				en,
				Base,
			);
			mainGroup = 03D209551C5EB05A00FBB254;
			productRefGroup = 03D2095F1C5EB05A00FBB254 /* Products */;
			projectDirPath = "";
			projectRoot = "";
			targets = (
				03D2095D1C5EB05A00FBB254 /* Smartphone picker */,
			);
		};
/* End PBXProject section */

/* Begin PBXResourcesBuildPhase section */
		03D2095C1C5EB05A00FBB254 /* Resources */ = {
			isa = PBXResourcesBuildPhase;
			buildActionMask = 2147483647;
			files = (
				03D209711C5EB05A00FBB254 /* LaunchScreen.storyboard in Resources */,
				03D2096E1C5EB05A00FBB254 /* Assets.xcassets in Resources */,
				03D2096C1C5EB05A00FBB254 /* Main.storyboard in Resources */,
				03868BA01C6296340008E4DE /* PhoneCell.xib in Resources */,
			);
			runOnlyForDeploymentPostprocessing = 0;
		};
/* End PBXResourcesBuildPhase section */

/* Begin PBXShellScriptBuildPhase section */
		0F0C74A51BE75F6187BDE1FC /* Check Pods Manifest.lock */ = {
			isa = PBXShellScriptBuildPhase;
			buildActionMask = 2147483647;
			files = (
			);
			inputPaths = (
			);
			name = "Check Pods Manifest.lock";
			outputPaths = (
			);
			runOnlyForDeploymentPostprocessing = 0;
			shellPath = /bin/sh;
			shellScript = "diff \"${PODS_ROOT}/../Podfile.lock\" \"${PODS_ROOT}/Manifest.lock\" > /dev/null\nif [[ $? != 0 ]] ; then\n    cat << EOM\nerror: The sandbox is not in sync with the Podfile.lock. Run 'pod install' or update your CocoaPods installation.\nEOM\n    exit 1\nfi\n";
			showEnvVarsInLog = 0;
		};
		B7B5B51F6FF863A5D377E8D0 /* Copy Pods Resources */ = {
			isa = PBXShellScriptBuildPhase;
			buildActionMask = 2147483647;
			files = (
			);
			inputPaths = (
			);
			name = "Copy Pods Resources";
			outputPaths = (
			);
			runOnlyForDeploymentPostprocessing = 0;
			shellPath = /bin/sh;
			shellScript = "\"${SRCROOT}/Pods/Target Support Files/Pods-Smartphone picker/Pods-Smartphone picker-resources.sh\"\n";
			showEnvVarsInLog = 0;
		};
		B8C3616A0831BF4699FA586C /* Embed Pods Frameworks */ = {
			isa = PBXShellScriptBuildPhase;
			buildActionMask = 2147483647;
			files = (
			);
			inputPaths = (
			);
			name = "Embed Pods Frameworks";
			outputPaths = (
			);
			runOnlyForDeploymentPostprocessing = 0;
			shellPath = /bin/sh;
			shellScript = "\"${SRCROOT}/Pods/Target Support Files/Pods-Smartphone picker/Pods-Smartphone picker-frameworks.sh\"\n";
			showEnvVarsInLog = 0;
		};
/* End PBXShellScriptBuildPhase section */

/* Begin PBXSourcesBuildPhase section */
		03D2095A1C5EB05A00FBB254 /* Sources */ = {
			isa = PBXSourcesBuildPhase;
			buildActionMask = 2147483647;
			files = (
				03868BA61C629D500008E4DE /* Phone.m in Sources */,
				03A2FF501C6558F400B14039 /* AllPhonesViewController.m in Sources */,
				03D209661C5EB05A00FBB254 /* AppDelegate.m in Sources */,
				03F950D11C6816D7002CE7F7 /* AddPhoneValidator.swift in Sources */,
				0393DB511C662CF80028A8C8 /* MatchPhoneViewController.m in Sources */,
				03D209631C5EB05A00FBB254 /* main.m in Sources */,
				03F950C91C67FF78002CE7F7 /* UIView+Toast.m in Sources */,
				03868BA31C6298E40008E4DE /* PhoneTableViewCell.m in Sources */,
				03868B9C1C615C470008E4DE /* HomeViewController.m in Sources */,
				03F950D41C682D2D002CE7F7 /* MatchResultViewController.m in Sources */,
				0393DB541C663FEE0028A8C8 /* AndroidManufacturerersViewController.m in Sources */,
				0393DB5F1C6672440028A8C8 /* PhoneDetailsViewController.m in Sources */,
				03A2FF541C65715B00B14039 /* AddNewPhoneViewController.m in Sources */,
			);
			runOnlyForDeploymentPostprocessing = 0;
		};
/* End PBXSourcesBuildPhase section */

/* Begin PBXVariantGroup section */
		03D2096A1C5EB05A00FBB254 /* Main.storyboard */ = {
			isa = PBXVariantGroup;
			children = (
				03D2096B1C5EB05A00FBB254 /* Base */,
			);
			name = Main.storyboard;
			sourceTree = "<group>";
		};
		03D2096F1C5EB05A00FBB254 /* LaunchScreen.storyboard */ = {
			isa = PBXVariantGroup;
			children = (
				03D209701C5EB05A00FBB254 /* Base */,
			);
			name = LaunchScreen.storyboard;
			sourceTree = "<group>";
		};
/* End PBXVariantGroup section */

/* Begin XCBuildConfiguration section */
		03D209731C5EB05A00FBB254 /* Debug */ = {
			isa = XCBuildConfiguration;
			buildSettings = {
				ALWAYS_SEARCH_USER_PATHS = NO;
				CLANG_CXX_LANGUAGE_STANDARD = "gnu++0x";
				CLANG_CXX_LIBRARY = "libc++";
				CLANG_ENABLE_MODULES = YES;
				CLANG_ENABLE_OBJC_ARC = YES;
				CLANG_WARN_BOOL_CONVERSION = YES;
				CLANG_WARN_CONSTANT_CONVERSION = YES;
				CLANG_WARN_DIRECT_OBJC_ISA_USAGE = YES_ERROR;
				CLANG_WARN_EMPTY_BODY = YES;
				CLANG_WARN_ENUM_CONVERSION = YES;
				CLANG_WARN_INT_CONVERSION = YES;
				CLANG_WARN_OBJC_ROOT_CLASS = YES_ERROR;
				CLANG_WARN_UNREACHABLE_CODE = YES;
				CLANG_WARN__DUPLICATE_METHOD_MATCH = YES;
				"CODE_SIGN_IDENTITY[sdk=iphoneos*]" = "iPhone Developer";
				COPY_PHASE_STRIP = NO;
				DEBUG_INFORMATION_FORMAT = dwarf;
				ENABLE_STRICT_OBJC_MSGSEND = YES;
				ENABLE_TESTABILITY = YES;
				GCC_C_LANGUAGE_STANDARD = gnu99;
				GCC_DYNAMIC_NO_PIC = NO;
				GCC_NO_COMMON_BLOCKS = YES;
				GCC_OPTIMIZATION_LEVEL = 0;
				GCC_PREPROCESSOR_DEFINITIONS = (
					"DEBUG=1",
					"$(inherited)",
				);
				GCC_WARN_64_TO_32_BIT_CONVERSION = YES;
				GCC_WARN_ABOUT_RETURN_TYPE = YES_ERROR;
				GCC_WARN_UNDECLARED_SELECTOR = YES;
				GCC_WARN_UNINITIALIZED_AUTOS = YES_AGGRESSIVE;
				GCC_WARN_UNUSED_FUNCTION = YES;
				GCC_WARN_UNUSED_VARIABLE = YES;
				IPHONEOS_DEPLOYMENT_TARGET = 9.2;
				MTL_ENABLE_DEBUG_INFO = YES;
				ONLY_ACTIVE_ARCH = YES;
				SDKROOT = iphoneos;
				TARGETED_DEVICE_FAMILY = "1,2";
			};
			name = Debug;
		};
		03D209741C5EB05A00FBB254 /* Release */ = {
			isa = XCBuildConfiguration;
			buildSettings = {
				ALWAYS_SEARCH_USER_PATHS = NO;
				CLANG_CXX_LANGUAGE_STANDARD = "gnu++0x";
				CLANG_CXX_LIBRARY = "libc++";
				CLANG_ENABLE_MODULES = YES;
				CLANG_ENABLE_OBJC_ARC = YES;
				CLANG_WARN_BOOL_CONVERSION = YES;
				CLANG_WARN_CONSTANT_CONVERSION = YES;
				CLANG_WARN_DIRECT_OBJC_ISA_USAGE = YES_ERROR;
				CLANG_WARN_EMPTY_BODY = YES;
				CLANG_WARN_ENUM_CONVERSION = YES;
				CLANG_WARN_INT_CONVERSION = YES;
				CLANG_WARN_OBJC_ROOT_CLASS = YES_ERROR;
				CLANG_WARN_UNREACHABLE_CODE = YES;
				CLANG_WARN__DUPLICATE_METHOD_MATCH = YES;
				"CODE_SIGN_IDENTITY[sdk=iphoneos*]" = "iPhone Developer";
				COPY_PHASE_STRIP = NO;
				DEBUG_INFORMATION_FORMAT = "dwarf-with-dsym";
				ENABLE_NS_ASSERTIONS = NO;
				ENABLE_STRICT_OBJC_MSGSEND = YES;
				GCC_C_LANGUAGE_STANDARD = gnu99;
				GCC_NO_COMMON_BLOCKS = YES;
				GCC_WARN_64_TO_32_BIT_CONVERSION = YES;
				GCC_WARN_ABOUT_RETURN_TYPE = YES_ERROR;
				GCC_WARN_UNDECLARED_SELECTOR = YES;
				GCC_WARN_UNINITIALIZED_AUTOS = YES_AGGRESSIVE;
				GCC_WARN_UNUSED_FUNCTION = YES;
				GCC_WARN_UNUSED_VARIABLE = YES;
				IPHONEOS_DEPLOYMENT_TARGET = 9.2;
				MTL_ENABLE_DEBUG_INFO = NO;
				SDKROOT = iphoneos;
				TARGETED_DEVICE_FAMILY = "1,2";
				VALIDATE_PRODUCT = YES;
			};
			name = Release;
		};
		03D209761C5EB05A00FBB254 /* Debug */ = {
			isa = XCBuildConfiguration;
			baseConfigurationReference = 95932620BB3AB67DC528897B /* Pods-Smartphone picker.debug.xcconfig */;
			buildSettings = {
				ASSETCATALOG_COMPILER_APPICON_NAME = AppIcon;
				CLANG_ENABLE_MODULES = YES;
				DEFINES_MODULE = YES;
				EMBEDDED_CONTENT_CONTAINS_SWIFT = YES;
				INFOPLIST_FILE = "Smartphone picker/Info.plist";
				LD_RUNPATH_SEARCH_PATHS = "$(inherited) @executable_path/Frameworks";
				PRODUCT_BUNDLE_IDENTIFIER = "Vasil-Stoyanov.Smartphone-picker";
				PRODUCT_MODULE_NAME = SmartphonePicker;
				PRODUCT_NAME = SmartphonePicker;
				SWIFT_OBJC_BRIDGING_HEADER = "Smartphone picker/Smartphone picker-Bridging-Header.h";
				SWIFT_OPTIMIZATION_LEVEL = "-Onone";
			};
			name = Debug;
		};
		03D209771C5EB05A00FBB254 /* Release */ = {
			isa = XCBuildConfiguration;
			baseConfigurationReference = 1DF35C54583006E38DBFA5A9 /* Pods-Smartphone picker.release.xcconfig */;
			buildSettings = {
				ASSETCATALOG_COMPILER_APPICON_NAME = AppIcon;
				CLANG_ENABLE_MODULES = YES;
				DEFINES_MODULE = YES;
				EMBEDDED_CONTENT_CONTAINS_SWIFT = YES;
				INFOPLIST_FILE = "Smartphone picker/Info.plist";
				LD_RUNPATH_SEARCH_PATHS = "$(inherited) @executable_path/Frameworks";
				PRODUCT_BUNDLE_IDENTIFIER = "Vasil-Stoyanov.Smartphone-picker";
				PRODUCT_MODULE_NAME = SmartphonePicker;
				PRODUCT_NAME = SmartphonePicker;
				SWIFT_OBJC_BRIDGING_HEADER = "Smartphone picker/Smartphone picker-Bridging-Header.h";
			};
			name = Release;
		};
/* End XCBuildConfiguration section */

/* Begin XCConfigurationList section */
		03D209591C5EB05A00FBB254 /* Build configuration list for PBXProject "Smartphone picker" */ = {
			isa = XCConfigurationList;
			buildConfigurations = (
				03D209731C5EB05A00FBB254 /* Debug */,
				03D209741C5EB05A00FBB254 /* Release */,
			);
			defaultConfigurationIsVisible = 0;
			defaultConfigurationName = Release;
		};
		03D209751C5EB05A00FBB254 /* Build configuration list for PBXNativeTarget "Smartphone picker" */ = {
			isa = XCConfigurationList;
			buildConfigurations = (
				03D209761C5EB05A00FBB254 /* Debug */,
				03D209771C5EB05A00FBB254 /* Release */,
			);
			defaultConfigurationIsVisible = 0;
			defaultConfigurationName = Release;
		};
/* End XCConfigurationList section */
	};
	rootObject = 03D209561C5EB05A00FBB254 /* Project object */;
}
